// !$*UTF8*$!
{
	archiveVersion = 1;
	classes = {
	};
	objectVersion = 51;
	objects = {

/* Begin PBXBuildFile section */
		3A38CCBE2617A9CC00384C37 /* FantasyNameGeneratorTests.swift in Sources */ = {isa = PBXBuildFile; fileRef = 3A38CCBD2617A9CC00384C37 /* FantasyNameGeneratorTests.swift */; };
		3A86B610260B785A00CDAA91 /* AppDelegate.swift in Sources */ = {isa = PBXBuildFile; fileRef = 3A86B60F260B785A00CDAA91 /* AppDelegate.swift */; };
		3A86B612260B785A00CDAA91 /* SceneDelegate.swift in Sources */ = {isa = PBXBuildFile; fileRef = 3A86B611260B785A00CDAA91 /* SceneDelegate.swift */; };
		3A86B614260B785A00CDAA91 /* LaunchViewController.swift in Sources */ = {isa = PBXBuildFile; fileRef = 3A86B613260B785A00CDAA91 /* LaunchViewController.swift */; };
		3A86B617260B785A00CDAA91 /* Main.storyboard in Resources */ = {isa = PBXBuildFile; fileRef = 3A86B615260B785A00CDAA91 /* Main.storyboard */; };
		3A86B61A260B785A00CDAA91 /* FantasyNameGenerator.xcdatamodeld in Sources */ = {isa = PBXBuildFile; fileRef = 3A86B618260B785A00CDAA91 /* FantasyNameGenerator.xcdatamodeld */; };
		3A86B61C260B785E00CDAA91 /* Assets.xcassets in Resources */ = {isa = PBXBuildFile; fileRef = 3A86B61B260B785E00CDAA91 /* Assets.xcassets */; };
		3A86B61F260B785E00CDAA91 /* LaunchScreen.storyboard in Resources */ = {isa = PBXBuildFile; fileRef = 3A86B61D260B785E00CDAA91 /* LaunchScreen.storyboard */; };
		3A86B628260B7CA600CDAA91 /* loading.json in Resources */ = {isa = PBXBuildFile; fileRef = 3A86B627260B7CA600CDAA91 /* loading.json */; };
		3A86B63C260B82AC00CDAA91 /* GeneratorViewController.swift in Sources */ = {isa = PBXBuildFile; fileRef = 3A86B63B260B82AC00CDAA91 /* GeneratorViewController.swift */; };
		3A86B63F260B82BF00CDAA91 /* TableViewController.swift in Sources */ = {isa = PBXBuildFile; fileRef = 3A86B63E260B82BF00CDAA91 /* TableViewController.swift */; };
		3A86B642260B82E300CDAA91 /* TableViewCellController.swift in Sources */ = {isa = PBXBuildFile; fileRef = 3A86B641260B82E300CDAA91 /* TableViewCellController.swift */; };
		3A86B645260B858D00CDAA91 /* RandomName.swift in Sources */ = {isa = PBXBuildFile; fileRef = 3A86B644260B858D00CDAA91 /* RandomName.swift */; };
		3A875A83264C189500B9D106 /* FantasyNameGeneratorUITests.swift in Sources */ = {isa = PBXBuildFile; fileRef = 3A875A82264C189500B9D106 /* FantasyNameGeneratorUITests.swift */; };
		3ADDDDB1261CC7B2005AB3FD /* StringExtension.swift in Sources */ = {isa = PBXBuildFile; fileRef = 3ADDDDB0261CC7B2005AB3FD /* StringExtension.swift */; };
		3ADDDDBB261CC8FC005AB3FD /* Localizable.strings in Resources */ = {isa = PBXBuildFile; fileRef = 3ADDDDBD261CC8FC005AB3FD /* Localizable.strings */; };
		BD39760EB8EDC4F4AA313275 /* Pods_FantasyNameGenerator.framework in Frameworks */ = {isa = PBXBuildFile; fileRef = 27C0C3C38E4C03523F2E1D30 /* Pods_FantasyNameGenerator.framework */; };
/* End PBXBuildFile section */

/* Begin PBXContainerItemProxy section */
		3A38CCC02617A9CC00384C37 /* PBXContainerItemProxy */ = {
			isa = PBXContainerItemProxy;
			containerPortal = 3A86B604260B785A00CDAA91 /* Project object */;
			proxyType = 1;
			remoteGlobalIDString = 3A86B60B260B785A00CDAA91;
			remoteInfo = FantasyNameGenerator;
		};
		3A875A85264C189500B9D106 /* PBXContainerItemProxy */ = {
			isa = PBXContainerItemProxy;
			containerPortal = 3A86B604260B785A00CDAA91 /* Project object */;
			proxyType = 1;
			remoteGlobalIDString = 3A86B60B260B785A00CDAA91;
			remoteInfo = FantasyNameGenerator;
		};
/* End PBXContainerItemProxy section */

/* Begin PBXFileReference section */
		27C0C3C38E4C03523F2E1D30 /* Pods_FantasyNameGenerator.framework */ = {isa = PBXFileReference; explicitFileType = wrapper.framework; includeInIndex = 0; path = Pods_FantasyNameGenerator.framework; sourceTree = BUILT_PRODUCTS_DIR; };
		2C47FDC0CF29C2A21C0C042E /* Pods-FantasyNameGenerator.release.xcconfig */ = {isa = PBXFileReference; includeInIndex = 1; lastKnownFileType = text.xcconfig; name = "Pods-FantasyNameGenerator.release.xcconfig"; path = "Target Support Files/Pods-FantasyNameGenerator/Pods-FantasyNameGenerator.release.xcconfig"; sourceTree = "<group>"; };
		3A38CCBB2617A9CC00384C37 /* FantasyNameGeneratorTests.xctest */ = {isa = PBXFileReference; explicitFileType = wrapper.cfbundle; includeInIndex = 0; path = FantasyNameGeneratorTests.xctest; sourceTree = BUILT_PRODUCTS_DIR; };
		3A38CCBD2617A9CC00384C37 /* FantasyNameGeneratorTests.swift */ = {isa = PBXFileReference; lastKnownFileType = sourcecode.swift; path = FantasyNameGeneratorTests.swift; sourceTree = "<group>"; };
		3A38CCBF2617A9CC00384C37 /* Info.plist */ = {isa = PBXFileReference; lastKnownFileType = text.plist.xml; path = Info.plist; sourceTree = "<group>"; };
		3A86B60C260B785A00CDAA91 /* FantasyNameGenerator.app */ = {isa = PBXFileReference; explicitFileType = wrapper.application; includeInIndex = 0; path = FantasyNameGenerator.app; sourceTree = BUILT_PRODUCTS_DIR; };
		3A86B60F260B785A00CDAA91 /* AppDelegate.swift */ = {isa = PBXFileReference; lastKnownFileType = sourcecode.swift; path = AppDelegate.swift; sourceTree = "<group>"; };
		3A86B611260B785A00CDAA91 /* SceneDelegate.swift */ = {isa = PBXFileReference; lastKnownFileType = sourcecode.swift; path = SceneDelegate.swift; sourceTree = "<group>"; };
		3A86B613260B785A00CDAA91 /* LaunchViewController.swift */ = {isa = PBXFileReference; lastKnownFileType = sourcecode.swift; path = LaunchViewController.swift; sourceTree = "<group>"; };
		3A86B616260B785A00CDAA91 /* Base */ = {isa = PBXFileReference; lastKnownFileType = file.storyboard; name = Base; path = Base.lproj/Main.storyboard; sourceTree = "<group>"; };
		3A86B619260B785A00CDAA91 /* FantasyNameGenerator.xcdatamodel */ = {isa = PBXFileReference; lastKnownFileType = wrapper.xcdatamodel; path = FantasyNameGenerator.xcdatamodel; sourceTree = "<group>"; };
		3A86B61B260B785E00CDAA91 /* Assets.xcassets */ = {isa = PBXFileReference; lastKnownFileType = folder.assetcatalog; path = Assets.xcassets; sourceTree = "<group>"; };
		3A86B61E260B785E00CDAA91 /* Base */ = {isa = PBXFileReference; lastKnownFileType = file.storyboard; name = Base; path = Base.lproj/LaunchScreen.storyboard; sourceTree = "<group>"; };
		3A86B620260B785E00CDAA91 /* Info.plist */ = {isa = PBXFileReference; lastKnownFileType = text.plist.xml; path = Info.plist; sourceTree = "<group>"; };
		3A86B627260B7CA600CDAA91 /* loading.json */ = {isa = PBXFileReference; fileEncoding = 4; lastKnownFileType = text.json; path = loading.json; sourceTree = "<group>"; };
		3A86B63B260B82AC00CDAA91 /* GeneratorViewController.swift */ = {isa = PBXFileReference; lastKnownFileType = sourcecode.swift; path = GeneratorViewController.swift; sourceTree = "<group>"; };
		3A86B63E260B82BF00CDAA91 /* TableViewController.swift */ = {isa = PBXFileReference; lastKnownFileType = sourcecode.swift; path = TableViewController.swift; sourceTree = "<group>"; };
		3A86B641260B82E300CDAA91 /* TableViewCellController.swift */ = {isa = PBXFileReference; lastKnownFileType = sourcecode.swift; path = TableViewCellController.swift; sourceTree = "<group>"; };
		3A86B644260B858D00CDAA91 /* RandomName.swift */ = {isa = PBXFileReference; lastKnownFileType = sourcecode.swift; path = RandomName.swift; sourceTree = "<group>"; };
		3A875A80264C189500B9D106 /* FantasyNameGeneratorUITests.xctest */ = {isa = PBXFileReference; explicitFileType = wrapper.cfbundle; includeInIndex = 0; path = FantasyNameGeneratorUITests.xctest; sourceTree = BUILT_PRODUCTS_DIR; };
		3A875A82264C189500B9D106 /* FantasyNameGeneratorUITests.swift */ = {isa = PBXFileReference; lastKnownFileType = sourcecode.swift; path = FantasyNameGeneratorUITests.swift; sourceTree = "<group>"; };
		3A875A84264C189500B9D106 /* Info.plist */ = {isa = PBXFileReference; lastKnownFileType = text.plist.xml; path = Info.plist; sourceTree = "<group>"; };
		3ADDDDB0261CC7B2005AB3FD /* StringExtension.swift */ = {isa = PBXFileReference; lastKnownFileType = sourcecode.swift; path = StringExtension.swift; sourceTree = "<group>"; };
		3ADDDDB4261CC8DB005AB3FD /* es */ = {isa = PBXFileReference; lastKnownFileType = text.plist.strings; name = es; path = es.lproj/Main.strings; sourceTree = "<group>"; };
		3ADDDDBC261CC8FC005AB3FD /* en */ = {isa = PBXFileReference; lastKnownFileType = text.plist.strings; name = en; path = en.lproj/Localizable.strings; sourceTree = "<group>"; };
		3ADDDDC0261CC900005AB3FD /* es */ = {isa = PBXFileReference; lastKnownFileType = text.plist.strings; name = es; path = es.lproj/Localizable.strings; sourceTree = "<group>"; };
		775E73FF5900F82AD58D525E /* Pods-FantasyNameGenerator.debug.xcconfig */ = {isa = PBXFileReference; includeInIndex = 1; lastKnownFileType = text.xcconfig; name = "Pods-FantasyNameGenerator.debug.xcconfig"; path = "Target Support Files/Pods-FantasyNameGenerator/Pods-FantasyNameGenerator.debug.xcconfig"; sourceTree = "<group>"; };
/* End PBXFileReference section */

/* Begin PBXFrameworksBuildPhase section */
		3A38CCB82617A9CC00384C37 /* Frameworks */ = {
			isa = PBXFrameworksBuildPhase;
			buildActionMask = 2147483647;
			files = (
			);
			runOnlyForDeploymentPostprocessing = 0;
		};
		3A86B609260B785A00CDAA91 /* Frameworks */ = {
			isa = PBXFrameworksBuildPhase;
			buildActionMask = 2147483647;
			files = (
				BD39760EB8EDC4F4AA313275 /* Pods_FantasyNameGenerator.framework in Frameworks */,
			);
			runOnlyForDeploymentPostprocessing = 0;
		};
		3A875A7D264C189500B9D106 /* Frameworks */ = {
			isa = PBXFrameworksBuildPhase;
			buildActionMask = 2147483647;
			files = (
			);
			runOnlyForDeploymentPostprocessing = 0;
		};
/* End PBXFrameworksBuildPhase section */

/* Begin PBXGroup section */
		3A38CCBC2617A9CC00384C37 /* FantasyNameGeneratorTests */ = {
			isa = PBXGroup;
			children = (
				3A38CCBD2617A9CC00384C37 /* FantasyNameGeneratorTests.swift */,
				3A38CCBF2617A9CC00384C37 /* Info.plist */,
			);
			path = FantasyNameGeneratorTests;
			sourceTree = "<group>";
		};
		3A86B603260B785A00CDAA91 = {
			isa = PBXGroup;
			children = (
				3A86B60E260B785A00CDAA91 /* FantasyNameGenerator */,
				3A38CCBC2617A9CC00384C37 /* FantasyNameGeneratorTests */,
				3A875A81264C189500B9D106 /* FantasyNameGeneratorUITests */,
				3A86B60D260B785A00CDAA91 /* Products */,
				C1A9F73EA2CDC55C9A95D53C /* Pods */,
				B0AC81B04A898C8B70871C83 /* Frameworks */,
			);
			sourceTree = "<group>";
		};
		3A86B60D260B785A00CDAA91 /* Products */ = {
			isa = PBXGroup;
			children = (
				3A86B60C260B785A00CDAA91 /* FantasyNameGenerator.app */,
				3A38CCBB2617A9CC00384C37 /* FantasyNameGeneratorTests.xctest */,
				3A875A80264C189500B9D106 /* FantasyNameGeneratorUITests.xctest */,
			);
			name = Products;
			sourceTree = "<group>";
		};
		3A86B60E260B785A00CDAA91 /* FantasyNameGenerator */ = {
			isa = PBXGroup;
			children = (
				3A86B635260B808000CDAA91 /* Model */,
				3A86B636260B808800CDAA91 /* View */,
				3A86B637260B809400CDAA91 /* Controller */,
				3A86B60F260B785A00CDAA91 /* AppDelegate.swift */,
				3A86B611260B785A00CDAA91 /* SceneDelegate.swift */,
				3A86B627260B7CA600CDAA91 /* loading.json */,
				3A86B61B260B785E00CDAA91 /* Assets.xcassets */,
				3A86B620260B785E00CDAA91 /* Info.plist */,
				3ADDDDBD261CC8FC005AB3FD /* Localizable.strings */,
			);
			path = FantasyNameGenerator;
			sourceTree = "<group>";
		};
		3A86B635260B808000CDAA91 /* Model */ = {
			isa = PBXGroup;
			children = (
				3A86B618260B785A00CDAA91 /* FantasyNameGenerator.xcdatamodeld */,
				3A86B644260B858D00CDAA91 /* RandomName.swift */,
			);
			path = Model;
			sourceTree = "<group>";
		};
		3A86B636260B808800CDAA91 /* View */ = {
			isa = PBXGroup;
			children = (
				3A86B615260B785A00CDAA91 /* Main.storyboard */,
				3A86B61D260B785E00CDAA91 /* LaunchScreen.storyboard */,
			);
			path = View;
			sourceTree = "<group>";
		};
		3A86B637260B809400CDAA91 /* Controller */ = {
			isa = PBXGroup;
			children = (
				3A86B613260B785A00CDAA91 /* LaunchViewController.swift */,
				3A86B63B260B82AC00CDAA91 /* GeneratorViewController.swift */,
				3A86B63E260B82BF00CDAA91 /* TableViewController.swift */,
				3A86B641260B82E300CDAA91 /* TableViewCellController.swift */,
				3ADDDDB0261CC7B2005AB3FD /* StringExtension.swift */,
			);
			path = Controller;
			sourceTree = "<group>";
		};
		3A875A81264C189500B9D106 /* FantasyNameGeneratorUITests */ = {
			isa = PBXGroup;
			children = (
				3A875A82264C189500B9D106 /* FantasyNameGeneratorUITests.swift */,
				3A875A84264C189500B9D106 /* Info.plist */,
			);
			path = FantasyNameGeneratorUITests;
			sourceTree = "<group>";
		};
		B0AC81B04A898C8B70871C83 /* Frameworks */ = {
			isa = PBXGroup;
			children = (
				27C0C3C38E4C03523F2E1D30 /* Pods_FantasyNameGenerator.framework */,
			);
			name = Frameworks;
			sourceTree = "<group>";
		};
		C1A9F73EA2CDC55C9A95D53C /* Pods */ = {
			isa = PBXGroup;
			children = (
				775E73FF5900F82AD58D525E /* Pods-FantasyNameGenerator.debug.xcconfig */,
				2C47FDC0CF29C2A21C0C042E /* Pods-FantasyNameGenerator.release.xcconfig */,
			);
			path = Pods;
			sourceTree = "<group>";
		};
/* End PBXGroup section */

/* Begin PBXNativeTarget section */
		3A38CCBA2617A9CC00384C37 /* FantasyNameGeneratorTests */ = {
			isa = PBXNativeTarget;
			buildConfigurationList = 3A38CCC42617A9CC00384C37 /* Build configuration list for PBXNativeTarget "FantasyNameGeneratorTests" */;
			buildPhases = (
				3A38CCB72617A9CC00384C37 /* Sources */,
				3A38CCB82617A9CC00384C37 /* Frameworks */,
				3A38CCB92617A9CC00384C37 /* Resources */,
			);
			buildRules = (
			);
			dependencies = (
				3A38CCC12617A9CC00384C37 /* PBXTargetDependency */,
			);
			name = FantasyNameGeneratorTests;
			productName = FantasyNameGeneratorTests;
			productReference = 3A38CCBB2617A9CC00384C37 /* FantasyNameGeneratorTests.xctest */;
			productType = "com.apple.product-type.bundle.unit-test";
		};
		3A86B60B260B785A00CDAA91 /* FantasyNameGenerator */ = {
			isa = PBXNativeTarget;
			buildConfigurationList = 3A86B623260B785E00CDAA91 /* Build configuration list for PBXNativeTarget "FantasyNameGenerator" */;
			buildPhases = (
				90ACFE592E1AB42AF6E4FD73 /* [CP] Check Pods Manifest.lock */,
				3A86B608260B785A00CDAA91 /* Sources */,
				3A86B609260B785A00CDAA91 /* Frameworks */,
				3A86B60A260B785A00CDAA91 /* Resources */,
				20B6326079034FD8B69A8EF8 /* [CP] Embed Pods Frameworks */,
			);
			buildRules = (
			);
			dependencies = (
			);
			name = FantasyNameGenerator;
			productName = FantasyNameGenerator;
			productReference = 3A86B60C260B785A00CDAA91 /* FantasyNameGenerator.app */;
			productType = "com.apple.product-type.application";
		};
		3A875A7F264C189500B9D106 /* FantasyNameGeneratorUITests */ = {
			isa = PBXNativeTarget;
			buildConfigurationList = 3A875A89264C189500B9D106 /* Build configuration list for PBXNativeTarget "FantasyNameGeneratorUITests" */;
			buildPhases = (
				3A875A7C264C189500B9D106 /* Sources */,
				3A875A7D264C189500B9D106 /* Frameworks */,
				3A875A7E264C189500B9D106 /* Resources */,
			);
			buildRules = (
			);
			dependencies = (
				3A875A86264C189500B9D106 /* PBXTargetDependency */,
			);
			name = FantasyNameGeneratorUITests;
			productName = FantasyNameGeneratorUITests;
			productReference = 3A875A80264C189500B9D106 /* FantasyNameGeneratorUITests.xctest */;
			productType = "com.apple.product-type.bundle.ui-testing";
		};
/* End PBXNativeTarget section */

/* Begin PBXProject section */
		3A86B604260B785A00CDAA91 /* Project object */ = {
			isa = PBXProject;
			attributes = {
				LastSwiftUpdateCheck = 1230;
				LastUpgradeCheck = 1230;
				TargetAttributes = {
					3A38CCBA2617A9CC00384C37 = {
						CreatedOnToolsVersion = 12.3;
						TestTargetID = 3A86B60B260B785A00CDAA91;
					};
					3A86B60B260B785A00CDAA91 = {
						CreatedOnToolsVersion = 12.3;
					};
					3A875A7F264C189500B9D106 = {
						CreatedOnToolsVersion = 12.3;
						TestTargetID = 3A86B60B260B785A00CDAA91;
					};
				};
			};
			buildConfigurationList = 3A86B607260B785A00CDAA91 /* Build configuration list for PBXProject "FantasyNameGenerator" */;
			compatibilityVersion = "Xcode 9.3";
			developmentRegion = en;
			hasScannedForEncodings = 0;
			knownRegions = (
				en,
				Base,
				es,
			);
			mainGroup = 3A86B603260B785A00CDAA91;
			productRefGroup = 3A86B60D260B785A00CDAA91 /* Products */;
			projectDirPath = "";
			projectRoot = "";
			targets = (
				3A86B60B260B785A00CDAA91 /* FantasyNameGenerator */,
				3A38CCBA2617A9CC00384C37 /* FantasyNameGeneratorTests */,
				3A875A7F264C189500B9D106 /* FantasyNameGeneratorUITests */,
			);
		};
/* End PBXProject section */

/* Begin PBXResourcesBuildPhase section */
		3A38CCB92617A9CC00384C37 /* Resources */ = {
			isa = PBXResourcesBuildPhase;
			buildActionMask = 2147483647;
			files = (
			);
			runOnlyForDeploymentPostprocessing = 0;
		};
		3A86B60A260B785A00CDAA91 /* Resources */ = {
			isa = PBXResourcesBuildPhase;
			buildActionMask = 2147483647;
			files = (
				3ADDDDBB261CC8FC005AB3FD /* Localizable.strings in Resources */,
				3A86B628260B7CA600CDAA91 /* loading.json in Resources */,
				3A86B61F260B785E00CDAA91 /* LaunchScreen.storyboard in Resources */,
				3A86B61C260B785E00CDAA91 /* Assets.xcassets in Resources */,
				3A86B617260B785A00CDAA91 /* Main.storyboard in Resources */,
			);
			runOnlyForDeploymentPostprocessing = 0;
		};
		3A875A7E264C189500B9D106 /* Resources */ = {
			isa = PBXResourcesBuildPhase;
			buildActionMask = 2147483647;
			files = (
			);
			runOnlyForDeploymentPostprocessing = 0;
		};
/* End PBXResourcesBuildPhase section */

/* Begin PBXShellScriptBuildPhase section */
		20B6326079034FD8B69A8EF8 /* [CP] Embed Pods Frameworks */ = {
			isa = PBXShellScriptBuildPhase;
			buildActionMask = 2147483647;
			files = (
			);
			inputFileListPaths = (
				"${PODS_ROOT}/Target Support Files/Pods-FantasyNameGenerator/Pods-FantasyNameGenerator-frameworks-${CONFIGURATION}-input-files.xcfilelist",
			);
			name = "[CP] Embed Pods Frameworks";
			outputFileListPaths = (
				"${PODS_ROOT}/Target Support Files/Pods-FantasyNameGenerator/Pods-FantasyNameGenerator-frameworks-${CONFIGURATION}-output-files.xcfilelist",
			);
			runOnlyForDeploymentPostprocessing = 0;
			shellPath = /bin/sh;
			shellScript = "\"${PODS_ROOT}/Target Support Files/Pods-FantasyNameGenerator/Pods-FantasyNameGenerator-frameworks.sh\"\n";
			showEnvVarsInLog = 0;
		};
		90ACFE592E1AB42AF6E4FD73 /* [CP] Check Pods Manifest.lock */ = {
			isa = PBXShellScriptBuildPhase;
			buildActionMask = 2147483647;
			files = (
			);
			inputFileListPaths = (
			);
			inputPaths = (
				"${PODS_PODFILE_DIR_PATH}/Podfile.lock",
				"${PODS_ROOT}/Manifest.lock",
			);
			name = "[CP] Check Pods Manifest.lock";
			outputFileListPaths = (
			);
			outputPaths = (
				"$(DERIVED_FILE_DIR)/Pods-FantasyNameGenerator-checkManifestLockResult.txt",
			);
			runOnlyForDeploymentPostprocessing = 0;
			shellPath = /bin/sh;
			shellScript = "diff \"${PODS_PODFILE_DIR_PATH}/Podfile.lock\" \"${PODS_ROOT}/Manifest.lock\" > /dev/null\nif [ $? != 0 ] ; then\n    # print error to STDERR\n    echo \"error: The sandbox is not in sync with the Podfile.lock. Run 'pod install' or update your CocoaPods installation.\" >&2\n    exit 1\nfi\n# This output is used by Xcode 'outputs' to avoid re-running this script phase.\necho \"SUCCESS\" > \"${SCRIPT_OUTPUT_FILE_0}\"\n";
			showEnvVarsInLog = 0;
		};
/* End PBXShellScriptBuildPhase section */

/* Begin PBXSourcesBuildPhase section */
		3A38CCB72617A9CC00384C37 /* Sources */ = {
			isa = PBXSourcesBuildPhase;
			buildActionMask = 2147483647;
			files = (
				3A38CCBE2617A9CC00384C37 /* FantasyNameGeneratorTests.swift in Sources */,
			);
			runOnlyForDeploymentPostprocessing = 0;
		};
		3A86B608260B785A00CDAA91 /* Sources */ = {
			isa = PBXSourcesBuildPhase;
			buildActionMask = 2147483647;
			files = (
				3A86B614260B785A00CDAA91 /* LaunchViewController.swift in Sources */,
				3A86B63F260B82BF00CDAA91 /* TableViewController.swift in Sources */,
				3A86B63C260B82AC00CDAA91 /* GeneratorViewController.swift in Sources */,
				3A86B642260B82E300CDAA91 /* TableViewCellController.swift in Sources */,
				3A86B61A260B785A00CDAA91 /* FantasyNameGenerator.xcdatamodeld in Sources */,
				3ADDDDB1261CC7B2005AB3FD /* StringExtension.swift in Sources */,
				3A86B645260B858D00CDAA91 /* RandomName.swift in Sources */,
				3A86B610260B785A00CDAA91 /* AppDelegate.swift in Sources */,
				3A86B612260B785A00CDAA91 /* SceneDelegate.swift in Sources */,
			);
			runOnlyForDeploymentPostprocessing = 0;
		};
		3A875A7C264C189500B9D106 /* Sources */ = {
			isa = PBXSourcesBuildPhase;
			buildActionMask = 2147483647;
			files = (
				3A875A83264C189500B9D106 /* FantasyNameGeneratorUITests.swift in Sources */,
			);
			runOnlyForDeploymentPostprocessing = 0;
		};
/* End PBXSourcesBuildPhase section */

/* Begin PBXTargetDependency section */
		3A38CCC12617A9CC00384C37 /* PBXTargetDependency */ = {
			isa = PBXTargetDependency;
			target = 3A86B60B260B785A00CDAA91 /* FantasyNameGenerator */;
			targetProxy = 3A38CCC02617A9CC00384C37 /* PBXContainerItemProxy */;
		};
		3A875A86264C189500B9D106 /* PBXTargetDependency */ = {
			isa = PBXTargetDependency;
			target = 3A86B60B260B785A00CDAA91 /* FantasyNameGenerator */;
			targetProxy = 3A875A85264C189500B9D106 /* PBXContainerItemProxy */;
		};
/* End PBXTargetDependency section */

/* Begin PBXVariantGroup section */
		3A86B615260B785A00CDAA91 /* Main.storyboard */ = {
			isa = PBXVariantGroup;
			children = (
				3A86B616260B785A00CDAA91 /* Base */,
				3ADDDDB4261CC8DB005AB3FD /* es */,
			);
			name = Main.storyboard;
			sourceTree = "<group>";
		};
		3A86B61D260B785E00CDAA91 /* LaunchScreen.storyboard */ = {
			isa = PBXVariantGroup;
			children = (
				3A86B61E260B785E00CDAA91 /* Base */,
			);
			name = LaunchScreen.storyboard;
			sourceTree = "<group>";
		};
		3ADDDDBD261CC8FC005AB3FD /* Localizable.strings */ = {
			isa = PBXVariantGroup;
			children = (
				3ADDDDBC261CC8FC005AB3FD /* en */,
				3ADDDDC0261CC900005AB3FD /* es */,
			);
			name = Localizable.strings;
			sourceTree = "<group>";
		};
/* End PBXVariantGroup section */

/* Begin XCBuildConfiguration section */
		3A38CCC22617A9CC00384C37 /* Debug */ = {
			isa = XCBuildConfiguration;
			buildSettings = {
				BUNDLE_LOADER = "$(TEST_HOST)";
				CODE_SIGN_STYLE = Automatic;
				DEVELOPMENT_TEAM = ASQ8749W3L;
				INFOPLIST_FILE = FantasyNameGeneratorTests/Info.plist;
				LD_RUNPATH_SEARCH_PATHS = (
					"$(inherited)",
					"@executable_path/Frameworks",
					"@loader_path/Frameworks",
				);
				PRODUCT_BUNDLE_IDENTIFIER = Interview.FantasyNameGeneratorTests;
				PRODUCT_NAME = "$(TARGET_NAME)";
				SWIFT_VERSION = 5.0;
				TARGETED_DEVICE_FAMILY = "1,2";
				TEST_HOST = "$(BUILT_PRODUCTS_DIR)/FantasyNameGenerator.app/FantasyNameGenerator";
			};
			name = Debug;
		};
		3A38CCC32617A9CC00384C37 /* Release */ = {
			isa = XCBuildConfiguration;
			buildSettings = {
				BUNDLE_LOADER = "$(TEST_HOST)";
				CODE_SIGN_STYLE = Automatic;
				DEVELOPMENT_TEAM = ASQ8749W3L;
				INFOPLIST_FILE = FantasyNameGeneratorTests/Info.plist;
				LD_RUNPATH_SEARCH_PATHS = (
					"$(inherited)",
					"@executable_path/Frameworks",
					"@loader_path/Frameworks",
				);
				PRODUCT_BUNDLE_IDENTIFIER = Interview.FantasyNameGeneratorTests;
				PRODUCT_NAME = "$(TARGET_NAME)";
				SWIFT_VERSION = 5.0;
				TARGETED_DEVICE_FAMILY = "1,2";
				TEST_HOST = "$(BUILT_PRODUCTS_DIR)/FantasyNameGenerator.app/FantasyNameGenerator";
			};
			name = Release;
		};
		3A86B621260B785E00CDAA91 /* Debug */ = {
			isa = XCBuildConfiguration;
			buildSettings = {
				ALWAYS_SEARCH_USER_PATHS = NO;
				CLANG_ANALYZER_LOCALIZABILITY_NONLOCALIZED = YES;
				CLANG_ANALYZER_NONNULL = YES;
				CLANG_ANALYZER_NUMBER_OBJECT_CONVERSION = YES_AGGRESSIVE;
				CLANG_CXX_LANGUAGE_STANDARD = "gnu++14";
				CLANG_CXX_LIBRARY = "libc++";
				CLANG_ENABLE_MODULES = YES;
				CLANG_ENABLE_OBJC_ARC = YES;
				CLANG_ENABLE_OBJC_WEAK = YES;
				CLANG_WARN_BLOCK_CAPTURE_AUTORELEASING = YES;
				CLANG_WARN_BOOL_CONVERSION = YES;
				CLANG_WARN_COMMA = YES;
				CLANG_WARN_CONSTANT_CONVERSION = YES;
				CLANG_WARN_DEPRECATED_OBJC_IMPLEMENTATIONS = YES;
				CLANG_WARN_DIRECT_OBJC_ISA_USAGE = YES_ERROR;
				CLANG_WARN_DOCUMENTATION_COMMENTS = YES;
				CLANG_WARN_EMPTY_BODY = YES;
				CLANG_WARN_ENUM_CONVERSION = YES;
				CLANG_WARN_INFINITE_RECURSION = YES;
				CLANG_WARN_INT_CONVERSION = YES;
				CLANG_WARN_NON_LITERAL_NULL_CONVERSION = YES;
				CLANG_WARN_OBJC_IMPLICIT_RETAIN_SELF = YES;
				CLANG_WARN_OBJC_LITERAL_CONVERSION = YES;
				CLANG_WARN_OBJC_ROOT_CLASS = YES_ERROR;
				CLANG_WARN_QUOTED_INCLUDE_IN_FRAMEWORK_HEADER = YES;
				CLANG_WARN_RANGE_LOOP_ANALYSIS = YES;
				CLANG_WARN_STRICT_PROTOTYPES = YES;
				CLANG_WARN_SUSPICIOUS_MOVE = YES;
				CLANG_WARN_UNGUARDED_AVAILABILITY = YES_AGGRESSIVE;
				CLANG_WARN_UNREACHABLE_CODE = YES;
				CLANG_WARN__DUPLICATE_METHOD_MATCH = YES;
				COPY_PHASE_STRIP = NO;
				DEBUG_INFORMATION_FORMAT = dwarf;
				ENABLE_STRICT_OBJC_MSGSEND = YES;
				ENABLE_TESTABILITY = YES;
				GCC_C_LANGUAGE_STANDARD = gnu11;
				GCC_DYNAMIC_NO_PIC = NO;
				GCC_NO_COMMON_BLOCKS = YES;
				GCC_OPTIMIZATION_LEVEL = 0;
				GCC_PREPROCESSOR_DEFINITIONS = (
					"DEBUG=1",
					"$(inherited)",
				);
				GCC_WARN_64_TO_32_BIT_CONVERSION = YES;
				GCC_WARN_ABOUT_RETURN_TYPE = YES_ERROR;
				GCC_WARN_UNDECLARED_SELECTOR = YES;
				GCC_WARN_UNINITIALIZED_AUTOS = YES_AGGRESSIVE;
				GCC_WARN_UNUSED_FUNCTION = YES;
				GCC_WARN_UNUSED_VARIABLE = YES;
				IPHONEOS_DEPLOYMENT_TARGET = 14.3;
				MTL_ENABLE_DEBUG_INFO = INCLUDE_SOURCE;
				MTL_FAST_MATH = YES;
				ONLY_ACTIVE_ARCH = YES;
				SDKROOT = iphoneos;
				SWIFT_ACTIVE_COMPILATION_CONDITIONS = DEBUG;
				SWIFT_OPTIMIZATION_LEVEL = "-Onone";
			};
			name = Debug;
		};
		3A86B622260B785E00CDAA91 /* Release */ = {
			isa = XCBuildConfiguration;
			buildSettings = {
				ALWAYS_SEARCH_USER_PATHS = NO;
				CLANG_ANALYZER_LOCALIZABILITY_NONLOCALIZED = YES;
				CLANG_ANALYZER_NONNULL = YES;
				CLANG_ANALYZER_NUMBER_OBJECT_CONVERSION = YES_AGGRESSIVE;
				CLANG_CXX_LANGUAGE_STANDARD = "gnu++14";
				CLANG_CXX_LIBRARY = "libc++";
				CLANG_ENABLE_MODULES = YES;
				CLANG_ENABLE_OBJC_ARC = YES;
				CLANG_ENABLE_OBJC_WEAK = YES;
				CLANG_WARN_BLOCK_CAPTURE_AUTORELEASING = YES;
				CLANG_WARN_BOOL_CONVERSION = YES;
				CLANG_WARN_COMMA = YES;
				CLANG_WARN_CONSTANT_CONVERSION = YES;
				CLANG_WARN_DEPRECATED_OBJC_IMPLEMENTATIONS = YES;
				CLANG_WARN_DIRECT_OBJC_ISA_USAGE = YES_ERROR;
				CLANG_WARN_DOCUMENTATION_COMMENTS = YES;
				CLANG_WARN_EMPTY_BODY = YES;
				CLANG_WARN_ENUM_CONVERSION = YES;
				CLANG_WARN_INFINITE_RECURSION = YES;
				CLANG_WARN_INT_CONVERSION = YES;
				CLANG_WARN_NON_LITERAL_NULL_CONVERSION = YES;
				CLANG_WARN_OBJC_IMPLICIT_RETAIN_SELF = YES;
				CLANG_WARN_OBJC_LITERAL_CONVERSION = YES;
				CLANG_WARN_OBJC_ROOT_CLASS = YES_ERROR;
				CLANG_WARN_QUOTED_INCLUDE_IN_FRAMEWORK_HEADER = YES;
				CLANG_WARN_RANGE_LOOP_ANALYSIS = YES;
				CLANG_WARN_STRICT_PROTOTYPES = YES;
				CLANG_WARN_SUSPICIOUS_MOVE = YES;
				CLANG_WARN_UNGUARDED_AVAILABILITY = YES_AGGRESSIVE;
				CLANG_WARN_UNREACHABLE_CODE = YES;
				CLANG_WARN__DUPLICATE_METHOD_MATCH = YES;
				COPY_PHASE_STRIP = NO;
				DEBUG_INFORMATION_FORMAT = "dwarf-with-dsym";
				ENABLE_NS_ASSERTIONS = NO;
				ENABLE_STRICT_OBJC_MSGSEND = YES;
				GCC_C_LANGUAGE_STANDARD = gnu11;
				GCC_NO_COMMON_BLOCKS = YES;
				GCC_WARN_64_TO_32_BIT_CONVERSION = YES;
				GCC_WARN_ABOUT_RETURN_TYPE = YES_ERROR;
				GCC_WARN_UNDECLARED_SELECTOR = YES;
				GCC_WARN_UNINITIALIZED_AUTOS = YES_AGGRESSIVE;
				GCC_WARN_UNUSED_FUNCTION = YES;
				GCC_WARN_UNUSED_VARIABLE = YES;
				IPHONEOS_DEPLOYMENT_TARGET = 14.3;
				MTL_ENABLE_DEBUG_INFO = NO;
				MTL_FAST_MATH = YES;
				SDKROOT = iphoneos;
				SWIFT_COMPILATION_MODE = wholemodule;
				SWIFT_OPTIMIZATION_LEVEL = "-O";
				VALIDATE_PRODUCT = YES;
			};
			name = Release;
		};
		3A86B624260B785E00CDAA91 /* Debug */ = {
			isa = XCBuildConfiguration;
			baseConfigurationReference = 775E73FF5900F82AD58D525E /* Pods-FantasyNameGenerator.debug.xcconfig */;
			buildSettings = {
				ASSETCATALOG_COMPILER_APPICON_NAME = AppIcon;
				ASSETCATALOG_COMPILER_GLOBAL_ACCENT_COLOR_NAME = AccentColor;
				CODE_SIGN_STYLE = Automatic;
				DEVELOPMENT_TEAM = ASQ8749W3L;
				INFOPLIST_FILE = FantasyNameGenerator/Info.plist;
				IPHONEOS_DEPLOYMENT_TARGET = 14.3;
				LD_RUNPATH_SEARCH_PATHS = (
					"$(inherited)",
					"@executable_path/Frameworks",
				);
				PRODUCT_BUNDLE_IDENTIFIER = Interview.FantasyNameGenerator;
				PRODUCT_NAME = "$(TARGET_NAME)";
				SWIFT_VERSION = 5.0;
				TARGETED_DEVICE_FAMILY = "1,2";
			};
			name = Debug;
		};
		3A86B625260B785E00CDAA91 /* Release */ = {
			isa = XCBuildConfiguration;
			baseConfigurationReference = 2C47FDC0CF29C2A21C0C042E /* Pods-FantasyNameGenerator.release.xcconfig */;
			buildSettings = {
				ASSETCATALOG_COMPILER_APPICON_NAME = AppIcon;
				ASSETCATALOG_COMPILER_GLOBAL_ACCENT_COLOR_NAME = AccentColor;
				CODE_SIGN_STYLE = Automatic;
				DEVELOPMENT_TEAM = ASQ8749W3L;
				INFOPLIST_FILE = FantasyNameGenerator/Info.plist;
				IPHONEOS_DEPLOYMENT_TARGET = 14.3;
				LD_RUNPATH_SEARCH_PATHS = (
					"$(inherited)",
					"@executable_path/Frameworks",
				);
				PRODUCT_BUNDLE_IDENTIFIER = Interview.FantasyNameGenerator;
				PRODUCT_NAME = "$(TARGET_NAME)";
				SWIFT_VERSION = 5.0;
				TARGETED_DEVICE_FAMILY = "1,2";
			};
			name = Release;
		};
		3A875A87264C189500B9D106 /* Debug */ = {
			isa = XCBuildConfiguration;
			buildSettings = {
				CODE_SIGN_STYLE = Automatic;
				DEVELOPMENT_TEAM = ASQ8749W3L;
				INFOPLIST_FILE = FantasyNameGeneratorUITests/Info.plist;
				LD_RUNPATH_SEARCH_PATHS = (
					"$(inherited)",
					"@executable_path/Frameworks",
					"@loader_path/Frameworks",
				);
				PRODUCT_BUNDLE_IDENTIFIER = Interview.FantasyNameGeneratorUITests;
				PRODUCT_NAME = "$(TARGET_NAME)";
				SWIFT_VERSION = 5.0;
				TARGETED_DEVICE_FAMILY = "1,2";
				TEST_TARGET_NAME = FantasyNameGenerator;
			};
			name = Debug;
		};
		3A875A88264C189500B9D106 /* Release */ = {
			isa = XCBuildConfiguration;
			buildSettings = {
				CODE_SIGN_STYLE = Automatic;
				DEVELOPMENT_TEAM = ASQ8749W3L;
				INFOPLIST_FILE = FantasyNameGeneratorUITests/Info.plist;
				LD_RUNPATH_SEARCH_PATHS = (
					"$(inherited)",
					"@executable_path/Frameworks",
					"@loader_path/Frameworks",
				);
				PRODUCT_BUNDLE_IDENTIFIER = Interview.FantasyNameGeneratorUITests;
				PRODUCT_NAME = "$(TARGET_NAME)";
				SWIFT_VERSION = 5.0;
				TARGETED_DEVICE_FAMILY = "1,2";
				TEST_TARGET_NAME = FantasyNameGenerator;
			};
			name = Release;
		};
/* End XCBuildConfiguration section */

/* Begin XCConfigurationList section */
		3A38CCC42617A9CC00384C37 /* Build configuration list for PBXNativeTarget "FantasyNameGeneratorTests" */ = {
			isa = XCConfigurationList;
			buildConfigurations = (
				3A38CCC22617A9CC00384C37 /* Debug */,
				3A38CCC32617A9CC00384C37 /* Release */,
			);
			defaultConfigurationIsVisible = 0;
			defaultConfigurationName = Release;
		};
		3A86B607260B785A00CDAA91 /* Build configuration list for PBXProject "FantasyNameGenerator" */ = {
			isa = XCConfigurationList;
			buildConfigurations = (
				3A86B621260B785E00CDAA91 /* Debug */,
				3A86B622260B785E00CDAA91 /* Release */,
			);
			defaultConfigurationIsVisible = 0;
			defaultConfigurationName = Release;
		};
		3A86B623260B785E00CDAA91 /* Build configuration list for PBXNativeTarget "FantasyNameGenerator" */ = {
			isa = XCConfigurationList;
			buildConfigurations = (
				3A86B624260B785E00CDAA91 /* Debug */,
				3A86B625260B785E00CDAA91 /* Release */,
			);
			defaultConfigurationIsVisible = 0;
			defaultConfigurationName = Release;
		};
		3A875A89264C189500B9D106 /* Build configuration list for PBXNativeTarget "FantasyNameGeneratorUITests" */ = {
			isa = XCConfigurationList;
			buildConfigurations = (
				3A875A87264C189500B9D106 /* Debug */,
				3A875A88264C189500B9D106 /* Release */,
			);
			defaultConfigurationIsVisible = 0;
			defaultConfigurationName = Release;
		};
/* End XCConfigurationList section */

/* Begin XCVersionGroup section */
		3A86B618260B785A00CDAA91 /* FantasyNameGenerator.xcdatamodeld */ = {
			isa = XCVersionGroup;
			children = (
				3A86B619260B785A00CDAA91 /* FantasyNameGenerator.xcdatamodel */,
			);
			currentVersion = 3A86B619260B785A00CDAA91 /* FantasyNameGenerator.xcdatamodel */;
			path = FantasyNameGenerator.xcdatamodeld;
			sourceTree = "<group>";
			versionGroupType = wrapper.xcdatamodel;
		};
/* End XCVersionGroup section */
	};
	rootObject = 3A86B604260B785A00CDAA91 /* Project object */;
}
